
Microsoft Visual Studio Solution File, Format Version 12.00
# Visual Studio Version 17
VisualStudioVersion = 17.9.34616.47
MinimumVisualStudioVersion = 10.0.40219.1
Project("{FAE04EC0-301F-11D3-BF4B-00C04F79EFBC}") = "NOAM_ASISTENCIA_v3.Server", "NOAM_ASISTENCIA_v3.Server\NOAM_ASISTENCIA_v3.Server.csproj", "{D0DB0B47-2715-40F3-A528-CAD448D98637}"
EndProject
Project("{FAE04EC0-301F-11D3-BF4B-00C04F79EFBC}") = "NOAM_ASISTENCIA_v3.Shared", "NOAM_ASISTENCIA_v3.Shared\NOAM_ASISTENCIA_v3.Shared.csproj", "{46E02C0A-F014-4D62-BF78-06704FD5C6E1}"
EndProject
Project("{FAE04EC0-301F-11D3-BF4B-00C04F79EFBC}") = "NOAM_ASISTENCIA_v3.Client", "NOAM_ASISTENCIA_v3.Client\NOAM_ASISTENCIA_v3.Client.csproj", "{D0F05F3D-FCBC-43BD-8DE2-CEF777C89828}"
EndProject
Global
	GlobalSection(SolutionConfigurationPlatforms) = preSolution
		Debug|Any CPU = Debug|Any CPU
		Release|Any CPU = Release|Any CPU
	EndGlobalSection
	GlobalSection(ProjectConfigurationPlatforms) = postSolution
		{D0DB0B47-2715-40F3-A528-CAD448D98637}.Debug|Any CPU.ActiveCfg = Debug|Any CPU
		{D0DB0B47-2715-40F3-A528-CAD448D98637}.Debug|Any CPU.Build.0 = Debug|Any CPU
		{D0DB0B47-2715-40F3-A528-CAD448D98637}.Release|Any CPU.ActiveCfg = Release|Any CPU
		{D0DB0B47-2715-40F3-A528-CAD448D98637}.Release|Any CPU.Build.0 = Release|Any CPU
		{46E02C0A-F014-4D62-BF78-06704FD5C6E1}.Debug|Any CPU.ActiveCfg = Debug|Any CPU
		{46E02C0A-F014-4D62-BF78-06704FD5C6E1}.Debug|Any CPU.Build.0 = Debug|Any CPU
		{46E02C0A-F014-4D62-BF78-06704FD5C6E1}.Release|Any CPU.ActiveCfg = Release|Any CPU
		{46E02C0A-F014-4D62-BF78-06704FD5C6E1}.Release|Any CPU.Build.0 = Release|Any CPU
		{D0F05F3D-FCBC-43BD-8DE2-CEF777C89828}.Debug|Any CPU.ActiveCfg = Debug|Any CPU
		{D0F05F3D-FCBC-43BD-8DE2-CEF777C89828}.Debug|Any CPU.Build.0 = Debug|Any CPU
		{D0F05F3D-FCBC-43BD-8DE2-CEF777C89828}.Release|Any CPU.ActiveCfg = Release|Any CPU
		{D0F05F3D-FCBC-43BD-8DE2-CEF777C89828}.Release|Any CPU.Build.0 = Release|Any CPU
	EndGlobalSection
	GlobalSection(SolutionProperties) = preSolution
		HideSolutionNode = FALSE
	EndGlobalSection
	GlobalSection(ExtensibilityGlobals) = postSolution
		SolutionGuid = {FC3A93CD-ECE5-4736-BC13-DD7554AB50F3}
	EndGlobalSection
EndGlobal
